// !$*UTF8*$!
{
	archiveVersion = 1;
	classes = {
	};
	objectVersion = 56;
	objects = {

/* Begin PBXBuildFile section */
		FA0A9E052AC14857005E42D9 /* AppDelegate.swift in Sources */ = {isa = PBXBuildFile; fileRef = FA0A9E042AC14857005E42D9 /* AppDelegate.swift */; };
		FA0A9E072AC14857005E42D9 /* SceneDelegate.swift in Sources */ = {isa = PBXBuildFile; fileRef = FA0A9E062AC14857005E42D9 /* SceneDelegate.swift */; };
		FA0A9E092AC14857005E42D9 /* ViewController.swift in Sources */ = {isa = PBXBuildFile; fileRef = FA0A9E082AC14857005E42D9 /* ViewController.swift */; };
		FA0A9E0C2AC14857005E42D9 /* Main.storyboard in Resources */ = {isa = PBXBuildFile; fileRef = FA0A9E0A2AC14857005E42D9 /* Main.storyboard */; };
		FA0A9E0E2AC14859005E42D9 /* Assets.xcassets in Resources */ = {isa = PBXBuildFile; fileRef = FA0A9E0D2AC14859005E42D9 /* Assets.xcassets */; };
		FA0A9E112AC14859005E42D9 /* LaunchScreen.storyboard in Resources */ = {isa = PBXBuildFile; fileRef = FA0A9E0F2AC14859005E42D9 /* LaunchScreen.storyboard */; };
		FA0A9E1C2AC1485A005E42D9 /* demoTests.swift in Sources */ = {isa = PBXBuildFile; fileRef = FA0A9E1B2AC1485A005E42D9 /* demoTests.swift */; };
		FA0A9E262AC1485A005E42D9 /* demoUITests.swift in Sources */ = {isa = PBXBuildFile; fileRef = FA0A9E252AC1485A005E42D9 /* demoUITests.swift */; };
		FA0A9E282AC1485A005E42D9 /* demoUITestsLaunchTests.swift in Sources */ = {isa = PBXBuildFile; fileRef = FA0A9E272AC1485A005E42D9 /* demoUITestsLaunchTests.swift */; };
		FA0A9E372AC14AC3005E42D9 /* HomeViewController.swift in Sources */ = {isa = PBXBuildFile; fileRef = FA0A9E352AC14AC3005E42D9 /* HomeViewController.swift */; };
		FA0A9E382AC14AC3005E42D9 /* HomeViewController.xib in Resources */ = {isa = PBXBuildFile; fileRef = FA0A9E362AC14AC3005E42D9 /* HomeViewController.xib */; };
/* End PBXBuildFile section */

/* Begin PBXContainerItemProxy section */
		FA0A9E182AC1485A005E42D9 /* PBXContainerItemProxy */ = {
			isa = PBXContainerItemProxy;
			containerPortal = FA0A9DF92AC14857005E42D9 /* Project object */;
			proxyType = 1;
			remoteGlobalIDString = FA0A9E002AC14857005E42D9;
			remoteInfo = demo;
		};
		FA0A9E222AC1485A005E42D9 /* PBXContainerItemProxy */ = {
			isa = PBXContainerItemProxy;
			containerPortal = FA0A9DF92AC14857005E42D9 /* Project object */;
			proxyType = 1;
			remoteGlobalIDString = FA0A9E002AC14857005E42D9;
			remoteInfo = demo;
		};
/* End PBXContainerItemProxy section */

/* Begin PBXFileReference section */
		FA0A9E012AC14857005E42D9 /* demo.app */ = {isa = PBXFileReference; explicitFileType = wrapper.application; includeInIndex = 0; path = demo.app; sourceTree = BUILT_PRODUCTS_DIR; };
		FA0A9E042AC14857005E42D9 /* AppDelegate.swift */ = {isa = PBXFileReference; lastKnownFileType = sourcecode.swift; path = AppDelegate.swift; sourceTree = "<group>"; usesTabs = 0; };
		FA0A9E062AC14857005E42D9 /* SceneDelegate.swift */ = {isa = PBXFileReference; lastKnownFileType = sourcecode.swift; path = SceneDelegate.swift; sourceTree = "<group>"; };
		FA0A9E082AC14857005E42D9 /* ViewController.swift */ = {isa = PBXFileReference; lastKnownFileType = sourcecode.swift; path = ViewController.swift; sourceTree = "<group>"; };
		FA0A9E0B2AC14857005E42D9 /* Base */ = {isa = PBXFileReference; lastKnownFileType = file.storyboard; name = Base; path = Base.lproj/Main.storyboard; sourceTree = "<group>"; };
		FA0A9E0D2AC14859005E42D9 /* Assets.xcassets */ = {isa = PBXFileReference; lastKnownFileType = folder.assetcatalog; path = Assets.xcassets; sourceTree = "<group>"; };
		FA0A9E102AC14859005E42D9 /* Base */ = {isa = PBXFileReference; lastKnownFileType = file.storyboard; name = Base; path = Base.lproj/LaunchScreen.storyboard; sourceTree = "<group>"; };
		FA0A9E122AC14859005E42D9 /* Info.plist */ = {isa = PBXFileReference; lastKnownFileType = text.plist.xml; path = Info.plist; sourceTree = "<group>"; };
		FA0A9E172AC1485A005E42D9 /* demoTests.xctest */ = {isa = PBXFileReference; explicitFileType = wrapper.cfbundle; includeInIndex = 0; path = demoTests.xctest; sourceTree = BUILT_PRODUCTS_DIR; };
		FA0A9E1B2AC1485A005E42D9 /* demoTests.swift */ = {isa = PBXFileReference; lastKnownFileType = sourcecode.swift; path = demoTests.swift; sourceTree = "<group>"; };
		FA0A9E212AC1485A005E42D9 /* demoUITests.xctest */ = {isa = PBXFileReference; explicitFileType = wrapper.cfbundle; includeInIndex = 0; path = demoUITests.xctest; sourceTree = BUILT_PRODUCTS_DIR; };
		FA0A9E252AC1485A005E42D9 /* demoUITests.swift */ = {isa = PBXFileReference; lastKnownFileType = sourcecode.swift; path = demoUITests.swift; sourceTree = "<group>"; };
		FA0A9E272AC1485A005E42D9 /* demoUITestsLaunchTests.swift */ = {isa = PBXFileReference; lastKnownFileType = sourcecode.swift; path = demoUITestsLaunchTests.swift; sourceTree = "<group>"; };
		FA0A9E352AC14AC3005E42D9 /* HomeViewController.swift */ = {isa = PBXFileReference; lastKnownFileType = sourcecode.swift; path = HomeViewController.swift; sourceTree = "<group>"; };
		FA0A9E362AC14AC3005E42D9 /* HomeViewController.xib */ = {isa = PBXFileReference; lastKnownFileType = file.xib; path = HomeViewController.xib; sourceTree = "<group>"; };
/* End PBXFileReference section */

/* Begin PBXFrameworksBuildPhase section */
		FA0A9DFE2AC14857005E42D9 /* Frameworks */ = {
			isa = PBXFrameworksBuildPhase;
			buildActionMask = 2147483647;
			files = (
			);
			runOnlyForDeploymentPostprocessing = 0;
		};
		FA0A9E142AC1485A005E42D9 /* Frameworks */ = {
			isa = PBXFrameworksBuildPhase;
			buildActionMask = 2147483647;
			files = (
			);
			runOnlyForDeploymentPostprocessing = 0;
		};
		FA0A9E1E2AC1485A005E42D9 /* Frameworks */ = {
			isa = PBXFrameworksBuildPhase;
			buildActionMask = 2147483647;
			files = (
			);
			runOnlyForDeploymentPostprocessing = 0;
		};
/* End PBXFrameworksBuildPhase section */

/* Begin PBXGroup section */
		FA0A9DF82AC14857005E42D9 = {
			isa = PBXGroup;
			children = (
				FA0A9E032AC14857005E42D9 /* demo */,
				FA0A9E1A2AC1485A005E42D9 /* demoTests */,
				FA0A9E242AC1485A005E42D9 /* demoUITests */,
				FA0A9E022AC14857005E42D9 /* Products */,
			);
			sourceTree = "<group>";
		};
		FA0A9E022AC14857005E42D9 /* Products */ = {
			isa = PBXGroup;
			children = (
				FA0A9E012AC14857005E42D9 /* demo.app */,
				FA0A9E172AC1485A005E42D9 /* demoTests.xctest */,
				FA0A9E212AC1485A005E42D9 /* demoUITests.xctest */,
			);
			name = Products;
			sourceTree = "<group>";
		};
		FA0A9E032AC14857005E42D9 /* demo */ = {
			isa = PBXGroup;
			children = (
				FA0A9E342AC14A5D005E42D9 /* Home */,
				FA0A9E042AC14857005E42D9 /* AppDelegate.swift */,
				FA0A9E062AC14857005E42D9 /* SceneDelegate.swift */,
				FA0A9E082AC14857005E42D9 /* ViewController.swift */,
				FA0A9E0A2AC14857005E42D9 /* Main.storyboard */,
				FA0A9E0D2AC14859005E42D9 /* Assets.xcassets */,
				FA0A9E0F2AC14859005E42D9 /* LaunchScreen.storyboard */,
				FA0A9E122AC14859005E42D9 /* Info.plist */,
			);
			path = demo;
			sourceTree = "<group>";
		};
		FA0A9E1A2AC1485A005E42D9 /* demoTests */ = {
			isa = PBXGroup;
			children = (
				FA0A9E1B2AC1485A005E42D9 /* demoTests.swift */,
			);
			path = demoTests;
			sourceTree = "<group>";
		};
		FA0A9E242AC1485A005E42D9 /* demoUITests */ = {
			isa = PBXGroup;
			children = (
				FA0A9E252AC1485A005E42D9 /* demoUITests.swift */,
				FA0A9E272AC1485A005E42D9 /* demoUITestsLaunchTests.swift */,
			);
			path = demoUITests;
			sourceTree = "<group>";
		};
		FA0A9E342AC14A5D005E42D9 /* Home */ = {
			isa = PBXGroup;
			children = (
				FA0A9E352AC14AC3005E42D9 /* HomeViewController.swift */,
				FA0A9E362AC14AC3005E42D9 /* HomeViewController.xib */,
			);
			path = Home;
			sourceTree = "<group>";
		};
/* End PBXGroup section */

/* Begin PBXNativeTarget section */
		FA0A9E002AC14857005E42D9 /* demo */ = {
			isa = PBXNativeTarget;
			buildConfigurationList = FA0A9E2B2AC1485A005E42D9 /* Build configuration list for PBXNativeTarget "demo" */;
			buildPhases = (
				FA0A9DFD2AC14857005E42D9 /* Sources */,
				FA0A9DFE2AC14857005E42D9 /* Frameworks */,
				FA0A9DFF2AC14857005E42D9 /* Resources */,
			);
			buildRules = (
			);
			dependencies = (
			);
			name = demo;
			productName = demo;
			productReference = FA0A9E012AC14857005E42D9 /* demo.app */;
			productType = "com.apple.product-type.application";
		};
		FA0A9E162AC1485A005E42D9 /* demoTests */ = {
			isa = PBXNativeTarget;
			buildConfigurationList = FA0A9E2E2AC1485A005E42D9 /* Build configuration list for PBXNativeTarget "demoTests" */;
			buildPhases = (
				FA0A9E132AC1485A005E42D9 /* Sources */,
				FA0A9E142AC1485A005E42D9 /* Frameworks */,
				FA0A9E152AC1485A005E42D9 /* Resources */,
			);
			buildRules = (
			);
			dependencies = (
				FA0A9E192AC1485A005E42D9 /* PBXTargetDependency */,
			);
			name = demoTests;
			productName = demoTests;
			productReference = FA0A9E172AC1485A005E42D9 /* demoTests.xctest */;
			productType = "com.apple.product-type.bundle.unit-test";
		};
		FA0A9E202AC1485A005E42D9 /* demoUITests */ = {
			isa = PBXNativeTarget;
			buildConfigurationList = FA0A9E312AC1485A005E42D9 /* Build configuration list for PBXNativeTarget "demoUITests" */;
			buildPhases = (
				FA0A9E1D2AC1485A005E42D9 /* Sources */,
				FA0A9E1E2AC1485A005E42D9 /* Frameworks */,
				FA0A9E1F2AC1485A005E42D9 /* Resources */,
			);
			buildRules = (
			);
			dependencies = (
				FA0A9E232AC1485A005E42D9 /* PBXTargetDependency */,
			);
			name = demoUITests;
			productName = demoUITests;
			productReference = FA0A9E212AC1485A005E42D9 /* demoUITests.xctest */;
			productType = "com.apple.product-type.bundle.ui-testing";
		};
/* End PBXNativeTarget section */

/* Begin PBXProject section */
		FA0A9DF92AC14857005E42D9 /* Project object */ = {
			isa = PBXProject;
			attributes = {
				BuildIndependentTargetsInParallel = 1;
				LastSwiftUpdateCheck = 1500;
				LastUpgradeCheck = 1500;
				TargetAttributes = {
					FA0A9E002AC14857005E42D9 = {
						CreatedOnToolsVersion = 15.0;
					};
					FA0A9E162AC1485A005E42D9 = {
						CreatedOnToolsVersion = 15.0;
						TestTargetID = FA0A9E002AC14857005E42D9;
					};
					FA0A9E202AC1485A005E42D9 = {
						CreatedOnToolsVersion = 15.0;
						TestTargetID = FA0A9E002AC14857005E42D9;
					};
				};
			};
			buildConfigurationList = FA0A9DFC2AC14857005E42D9 /* Build configuration list for PBXProject "demo" */;
			compatibilityVersion = "Xcode 14.0";
			developmentRegion = en;
			hasScannedForEncodings = 0;
			knownRegions = (
				en,
				Base,
			);
			mainGroup = FA0A9DF82AC14857005E42D9;
			productRefGroup = FA0A9E022AC14857005E42D9 /* Products */;
			projectDirPath = "";
			projectRoot = "";
			targets = (
				FA0A9E002AC14857005E42D9 /* demo */,
				FA0A9E162AC1485A005E42D9 /* demoTests */,
				FA0A9E202AC1485A005E42D9 /* demoUITests */,
			);
		};
/* End PBXProject section */

/* Begin PBXResourcesBuildPhase section */
		FA0A9DFF2AC14857005E42D9 /* Resources */ = {
			isa = PBXResourcesBuildPhase;
			buildActionMask = 2147483647;
			files = (
				FA0A9E112AC14859005E42D9 /* LaunchScreen.storyboard in Resources */,
				FA0A9E0E2AC14859005E42D9 /* Assets.xcassets in Resources */,
				FA0A9E0C2AC14857005E42D9 /* Main.storyboard in Resources */,
				FA0A9E382AC14AC3005E42D9 /* HomeViewController.xib in Resources */,
			);
			runOnlyForDeploymentPostprocessing = 0;
		};
		FA0A9E152AC1485A005E42D9 /* Resources */ = {
			isa = PBXResourcesBuildPhase;
			buildActionMask = 2147483647;
			files = (
			);
			runOnlyForDeploymentPostprocessing = 0;
		};
		FA0A9E1F2AC1485A005E42D9 /* Resources */ = {
			isa = PBXResourcesBuildPhase;
			buildActionMask = 2147483647;
			files = (
			);
			runOnlyForDeploymentPostprocessing = 0;
		};
/* End PBXResourcesBuildPhase section */

/* Begin PBXSourcesBuildPhase section */
		FA0A9DFD2AC14857005E42D9 /* Sources */ = {
			isa = PBXSourcesBuildPhase;
			buildActionMask = 2147483647;
			files = (
				FA0A9E092AC14857005E42D9 /* ViewController.swift in Sources */,
				FA0A9E052AC14857005E42D9 /* AppDelegate.swift in Sources */,
				FA0A9E072AC14857005E42D9 /* SceneDelegate.swift in Sources */,
				FA0A9E372AC14AC3005E42D9 /* HomeViewController.swift in Sources */,
			);
			runOnlyForDeploymentPostprocessing = 0;
		};
		FA0A9E132AC1485A005E42D9 /* Sources */ = {
			isa = PBXSourcesBuildPhase;
			buildActionMask = 2147483647;
			files = (
				FA0A9E1C2AC1485A005E42D9 /* demoTests.swift in Sources */,
			);
			runOnlyForDeploymentPostprocessing = 0;
		};
		FA0A9E1D2AC1485A005E42D9 /* Sources */ = {
			isa = PBXSourcesBuildPhase;
			buildActionMask = 2147483647;
			files = (
				FA0A9E262AC1485A005E42D9 /* demoUITests.swift in Sources */,
				FA0A9E282AC1485A005E42D9 /* demoUITestsLaunchTests.swift in Sources */,
			);
			runOnlyForDeploymentPostprocessing = 0;
		};
/* End PBXSourcesBuildPhase section */

/* Begin PBXTargetDependency section */
		FA0A9E192AC1485A005E42D9 /* PBXTargetDependency */ = {
			isa = PBXTargetDependency;
			target = FA0A9E002AC14857005E42D9 /* demo */;
			targetProxy = FA0A9E182AC1485A005E42D9 /* PBXContainerItemProxy */;
		};
		FA0A9E232AC1485A005E42D9 /* PBXTargetDependency */ = {
			isa = PBXTargetDependency;
			target = FA0A9E002AC14857005E42D9 /* demo */;
			targetProxy = FA0A9E222AC1485A005E42D9 /* PBXContainerItemProxy */;
		};
/* End PBXTargetDependency section */

/* Begin PBXVariantGroup section */
		FA0A9E0A2AC14857005E42D9 /* Main.storyboard */ = {
			isa = PBXVariantGroup;
			children = (
				FA0A9E0B2AC14857005E42D9 /* Base */,
			);
			name = Main.storyboard;
			sourceTree = "<group>";
		};
		FA0A9E0F2AC14859005E42D9 /* LaunchScreen.storyboard */ = {
			isa = PBXVariantGroup;
			children = (
				FA0A9E102AC14859005E42D9 /* Base */,
			);
			name = LaunchScreen.storyboard;
			sourceTree = "<group>";
		};
/* End PBXVariantGroup section */

/* Begin XCBuildConfiguration section */
		FA0A9E292AC1485A005E42D9 /* Debug */ = {
			isa = XCBuildConfiguration;
			buildSettings = {
				ALWAYS_SEARCH_USER_PATHS = NO;
				ASSETCATALOG_COMPILER_GENERATE_SWIFT_ASSET_SYMBOL_EXTENSIONS = YES;
				CLANG_ANALYZER_NONNULL = YES;
				CLANG_ANALYZER_NUMBER_OBJECT_CONVERSION = YES_AGGRESSIVE;
				CLANG_CXX_LANGUAGE_STANDARD = "gnu++20";
				CLANG_ENABLE_MODULES = YES;
				CLANG_ENABLE_OBJC_ARC = YES;
				CLANG_ENABLE_OBJC_WEAK = YES;
				CLANG_WARN_BLOCK_CAPTURE_AUTORELEASING = YES;
				CLANG_WARN_BOOL_CONVERSION = YES;
				CLANG_WARN_COMMA = YES;
				CLANG_WARN_CONSTANT_CONVERSION = YES;
				CLANG_WARN_DEPRECATED_OBJC_IMPLEMENTATIONS = YES;
				CLANG_WARN_DIRECT_OBJC_ISA_USAGE = YES_ERROR;
				CLANG_WARN_DOCUMENTATION_COMMENTS = YES;
				CLANG_WARN_EMPTY_BODY = YES;
				CLANG_WARN_ENUM_CONVERSION = YES;
				CLANG_WARN_INFINITE_RECURSION = YES;
				CLANG_WARN_INT_CONVERSION = YES;
				CLANG_WARN_NON_LITERAL_NULL_CONVERSION = YES;
				CLANG_WARN_OBJC_IMPLICIT_RETAIN_SELF = YES;
				CLANG_WARN_OBJC_LITERAL_CONVERSION = YES;
				CLANG_WARN_OBJC_ROOT_CLASS = YES_ERROR;
				CLANG_WARN_QUOTED_INCLUDE_IN_FRAMEWORK_HEADER = YES;
				CLANG_WARN_RANGE_LOOP_ANALYSIS = YES;
				CLANG_WARN_STRICT_PROTOTYPES = YES;
				CLANG_WARN_SUSPICIOUS_MOVE = YES;
				CLANG_WARN_UNGUARDED_AVAILABILITY = YES_AGGRESSIVE;
				CLANG_WARN_UNREACHABLE_CODE = YES;
				CLANG_WARN__DUPLICATE_METHOD_MATCH = YES;
				COPY_PHASE_STRIP = NO;
				DEBUG_INFORMATION_FORMAT = dwarf;
				ENABLE_STRICT_OBJC_MSGSEND = YES;
				ENABLE_TESTABILITY = YES;
				ENABLE_USER_SCRIPT_SANDBOXING = YES;
				GCC_C_LANGUAGE_STANDARD = gnu17;
				GCC_DYNAMIC_NO_PIC = NO;
				GCC_NO_COMMON_BLOCKS = YES;
				GCC_OPTIMIZATION_LEVEL = 0;
				GCC_PREPROCESSOR_DEFINITIONS = (
					"DEBUG=1",
					"$(inherited)",
				);
				GCC_WARN_64_TO_32_BIT_CONVERSION = YES;
				GCC_WARN_ABOUT_RETURN_TYPE = YES_ERROR;
				GCC_WARN_UNDECLARED_SELECTOR = YES;
				GCC_WARN_UNINITIALIZED_AUTOS = YES_AGGRESSIVE;
				GCC_WARN_UNUSED_FUNCTION = YES;
				GCC_WARN_UNUSED_VARIABLE = YES;
				IPHONEOS_DEPLOYMENT_TARGET = 17.0;
				LOCALIZATION_PREFERS_STRING_CATALOGS = YES;
				MTL_ENABLE_DEBUG_INFO = INCLUDE_SOURCE;
				MTL_FAST_MATH = YES;
				ONLY_ACTIVE_ARCH = YES;
				SDKROOT = iphoneos;
				SWIFT_ACTIVE_COMPILATION_CONDITIONS = "DEBUG $(inherited)";
				SWIFT_OPTIMIZATION_LEVEL = "-Onone";
			};
			name = Debug;
		};
		FA0A9E2A2AC1485A005E42D9 /* Release */ = {
			isa = XCBuildConfiguration;
			buildSettings = {
				ALWAYS_SEARCH_USER_PATHS = NO;
				ASSETCATALOG_COMPILER_GENERATE_SWIFT_ASSET_SYMBOL_EXTENSIONS = YES;
				CLANG_ANALYZER_NONNULL = YES;
				CLANG_ANALYZER_NUMBER_OBJECT_CONVERSION = YES_AGGRESSIVE;
				CLANG_CXX_LANGUAGE_STANDARD = "gnu++20";
				CLANG_ENABLE_MODULES = YES;
				CLANG_ENABLE_OBJC_ARC = YES;
				CLANG_ENABLE_OBJC_WEAK = YES;
				CLANG_WARN_BLOCK_CAPTURE_AUTORELEASING = YES;
				CLANG_WARN_BOOL_CONVERSION = YES;
				CLANG_WARN_COMMA = YES;
				CLANG_WARN_CONSTANT_CONVERSION = YES;
				CLANG_WARN_DEPRECATED_OBJC_IMPLEMENTATIONS = YES;
				CLANG_WARN_DIRECT_OBJC_ISA_USAGE = YES_ERROR;
				CLANG_WARN_DOCUMENTATION_COMMENTS = YES;
				CLANG_WARN_EMPTY_BODY = YES;
				CLANG_WARN_ENUM_CONVERSION = YES;
				CLANG_WARN_INFINITE_RECURSION = YES;
				CLANG_WARN_INT_CONVERSION = YES;
				CLANG_WARN_NON_LITERAL_NULL_CONVERSION = YES;
				CLANG_WARN_OBJC_IMPLICIT_RETAIN_SELF = YES;
				CLANG_WARN_OBJC_LITERAL_CONVERSION = YES;
				CLANG_WARN_OBJC_ROOT_CLASS = YES_ERROR;
				CLANG_WARN_QUOTED_INCLUDE_IN_FRAMEWORK_HEADER = YES;
				CLANG_WARN_RANGE_LOOP_ANALYSIS = YES;
				CLANG_WARN_STRICT_PROTOTYPES = YES;
				CLANG_WARN_SUSPICIOUS_MOVE = YES;
				CLANG_WARN_UNGUARDED_AVAILABILITY = YES_AGGRESSIVE;
				CLANG_WARN_UNREACHABLE_CODE = YES;
				CLANG_WARN__DUPLICATE_METHOD_MATCH = YES;
				COPY_PHASE_STRIP = NO;
				DEBUG_INFORMATION_FORMAT = "dwarf-with-dsym";
				ENABLE_NS_ASSERTIONS = NO;
				ENABLE_STRICT_OBJC_MSGSEND = YES;
				ENABLE_USER_SCRIPT_SANDBOXING = YES;
				GCC_C_LANGUAGE_STANDARD = gnu17;
				GCC_NO_COMMON_BLOCKS = YES;
				GCC_WARN_64_TO_32_BIT_CONVERSION = YES;
				GCC_WARN_ABOUT_RETURN_TYPE = YES_ERROR;
				GCC_WARN_UNDECLARED_SELECTOR = YES;
				GCC_WARN_UNINITIALIZED_AUTOS = YES_AGGRESSIVE;
				GCC_WARN_UNUSED_FUNCTION = YES;
				GCC_WARN_UNUSED_VARIABLE = YES;
				IPHONEOS_DEPLOYMENT_TARGET = 17.0;
				LOCALIZATION_PREFERS_STRING_CATALOGS = YES;
				MTL_ENABLE_DEBUG_INFO = NO;
				MTL_FAST_MATH = YES;
				SDKROOT = iphoneos;
				SWIFT_COMPILATION_MODE = wholemodule;
				VALIDATE_PRODUCT = YES;
			};
			name = Release;
		};
		FA0A9E2C2AC1485A005E42D9 /* Debug */ = {
			isa = XCBuildConfiguration;
			buildSettings = {
				ASSETCATALOG_COMPILER_APPICON_NAME = AppIcon;
				ASSETCATALOG_COMPILER_GLOBAL_ACCENT_COLOR_NAME = AccentColor;
				CODE_SIGN_STYLE = Automatic;
				CURRENT_PROJECT_VERSION = 1;
				GENERATE_INFOPLIST_FILE = YES;
				INFOPLIST_FILE = demo/Info.plist;
				INFOPLIST_KEY_NSMicrophoneUsageDescription = "Tôi đùng.....";
				INFOPLIST_KEY_UIApplicationSupportsIndirectInputEvents = YES;
				INFOPLIST_KEY_UILaunchStoryboardName = LaunchScreen;
				INFOPLIST_KEY_UIMainStoryboardFile = Main;
				INFOPLIST_KEY_UISupportedInterfaceOrientations_iPad = "UIInterfaceOrientationPortrait UIInterfaceOrientationPortraitUpsideDown UIInterfaceOrientationLandscapeLeft UIInterfaceOrientationLandscapeRight";
				INFOPLIST_KEY_UISupportedInterfaceOrientations_iPhone = "UIInterfaceOrientationPortrait UIInterfaceOrientationLandscapeLeft UIInterfaceOrientationLandscapeRight";
				IPHONEOS_DEPLOYMENT_TARGET = 13.0;
				LD_RUNPATH_SEARCH_PATHS = (
					"$(inherited)",
					"@executable_path/Frameworks",
				);
				MARKETING_VERSION = 1.0;
				PRODUCT_BUNDLE_IDENTIFIER = htt.demo;
				PRODUCT_NAME = "$(TARGET_NAME)";
				SUPPORTED_PLATFORMS = "iphoneos iphonesimulator";
				SUPPORTS_MACCATALYST = NO;
				SUPPORTS_MAC_DESIGNED_FOR_IPHONE_IPAD = NO;
				SWIFT_EMIT_LOC_STRINGS = YES;
				SWIFT_VERSION = 5.0;
				TARGETED_DEVICE_FAMILY = 1;
			};
			name = Debug;
		};
		FA0A9E2D2AC1485A005E42D9 /* Release */ = {
			isa = XCBuildConfiguration;
			buildSettings = {
				ASSETCATALOG_COMPILER_APPICON_NAME = AppIcon;
				ASSETCATALOG_COMPILER_GLOBAL_ACCENT_COLOR_NAME = AccentColor;
				CODE_SIGN_STYLE = Automatic;
				CURRENT_PROJECT_VERSION = 1;
				GENERATE_INFOPLIST_FILE = YES;
				INFOPLIST_FILE = demo/Info.plist;
				INFOPLIST_KEY_NSMicrophoneUsageDescription = "Tôi đùng.....";
				INFOPLIST_KEY_UIApplicationSupportsIndirectInputEvents = YES;
				INFOPLIST_KEY_UILaunchStoryboardName = LaunchScreen;
				INFOPLIST_KEY_UIMainStoryboardFile = Main;
				INFOPLIST_KEY_UISupportedInterfaceOrientations_iPad = "UIInterfaceOrientationPortrait UIInterfaceOrientationPortraitUpsideDown UIInterfaceOrientationLandscapeLeft UIInterfaceOrientationLandscapeRight";
				INFOPLIST_KEY_UISupportedInterfaceOrientations_iPhone = "UIInterfaceOrientationPortrait UIInterfaceOrientationLandscapeLeft UIInterfaceOrientationLandscapeRight";
				IPHONEOS_DEPLOYMENT_TARGET = 13.0;
				LD_RUNPATH_SEARCH_PATHS = (
					"$(inherited)",
					"@executable_path/Frameworks",
				);
				MARKETING_VERSION = 1.0;
				PRODUCT_BUNDLE_IDENTIFIER = htt.demo;
				PRODUCT_NAME = "$(TARGET_NAME)";
				SUPPORTED_PLATFORMS = "iphoneos iphonesimulator";
				SUPPORTS_MACCATALYST = NO;
				SUPPORTS_MAC_DESIGNED_FOR_IPHONE_IPAD = NO;
				SWIFT_EMIT_LOC_STRINGS = YES;
				SWIFT_VERSION = 5.0;
				TARGETED_DEVICE_FAMILY = 1;
			};
			name = Release;
		};
		FA0A9E2F2AC1485A005E42D9 /* Debug */ = {
			isa = XCBuildConfiguration;
			buildSettings = {
				ALWAYS_EMBED_SWIFT_STANDARD_LIBRARIES = YES;
				BUNDLE_LOADER = "$(TEST_HOST)";
				CODE_SIGN_STYLE = Automatic;
				CURRENT_PROJECT_VERSION = 1;
				GENERATE_INFOPLIST_FILE = YES;
				IPHONEOS_DEPLOYMENT_TARGET = 17.0;
				MARKETING_VERSION = 1.0;
				PRODUCT_BUNDLE_IDENTIFIER = htt.demoTests;
				PRODUCT_NAME = "$(TARGET_NAME)";
				SWIFT_EMIT_LOC_STRINGS = NO;
				SWIFT_VERSION = 5.0;
				TARGETED_DEVICE_FAMILY = "1,2";
				TEST_HOST = "$(BUILT_PRODUCTS_DIR)/demo.app/$(BUNDLE_EXECUTABLE_FOLDER_PATH)/demo";
			};
			name = Debug;
		};
		FA0A9E302AC1485A005E42D9 /* Release */ = {
			isa = XCBuildConfiguration;
			buildSettings = {
				ALWAYS_EMBED_SWIFT_STANDARD_LIBRARIES = YES;
				BUNDLE_LOADER = "$(TEST_HOST)";
				CODE_SIGN_STYLE = Automatic;
				CURRENT_PROJECT_VERSION = 1;
				GENERATE_INFOPLIST_FILE = YES;
				IPHONEOS_DEPLOYMENT_TARGET = 17.0;
				MARKETING_VERSION = 1.0;
				PRODUCT_BUNDLE_IDENTIFIER = htt.demoTests;
				PRODUCT_NAME = "$(TARGET_NAME)";
				SWIFT_EMIT_LOC_STRINGS = NO;
				SWIFT_VERSION = 5.0;
				TARGETED_DEVICE_FAMILY = "1,2";
				TEST_HOST = "$(BUILT_PRODUCTS_DIR)/demo.app/$(BUNDLE_EXECUTABLE_FOLDER_PATH)/demo";
			};
			name = Release;
		};
		FA0A9E322AC1485A005E42D9 /* Debug */ = {
			isa = XCBuildConfiguration;
			buildSettings = {
				ALWAYS_EMBED_SWIFT_STANDARD_LIBRARIES = YES;
				CODE_SIGN_STYLE = Automatic;
				CURRENT_PROJECT_VERSION = 1;
				GENERATE_INFOPLIST_FILE = YES;
				MARKETING_VERSION = 1.0;
				PRODUCT_BUNDLE_IDENTIFIER = htt.demoUITests;
				PRODUCT_NAME = "$(TARGET_NAME)";
				SWIFT_EMIT_LOC_STRINGS = NO;
				SWIFT_VERSION = 5.0;
				TARGETED_DEVICE_FAMILY = "1,2";
				TEST_TARGET_NAME = demo;
			};
			name = Debug;
		};
		FA0A9E332AC1485A005E42D9 /* Release */ = {
			isa = XCBuildConfiguration;
			buildSettings = {
				ALWAYS_EMBED_SWIFT_STANDARD_LIBRARIES = YES;
				CODE_SIGN_STYLE = Automatic;
				CURRENT_PROJECT_VERSION = 1;
				GENERATE_INFOPLIST_FILE = YES;
				MARKETING_VERSION = 1.0;
				PRODUCT_BUNDLE_IDENTIFIER = htt.demoUITests;
				PRODUCT_NAME = "$(TARGET_NAME)";
				SWIFT_EMIT_LOC_STRINGS = NO;
				SWIFT_VERSION = 5.0;
				TARGETED_DEVICE_FAMILY = "1,2";
				TEST_TARGET_NAME = demo;
			};
			name = Release;
		};
/* End XCBuildConfiguration section */

/* Begin XCConfigurationList section */
		FA0A9DFC2AC14857005E42D9 /* Build configuration list for PBXProject "demo" */ = {
			isa = XCConfigurationList;
			buildConfigurations = (
				FA0A9E292AC1485A005E42D9 /* Debug */,
				FA0A9E2A2AC1485A005E42D9 /* Release */,
			);
			defaultConfigurationIsVisible = 0;
			defaultConfigurationName = Release;
		};
		FA0A9E2B2AC1485A005E42D9 /* Build configuration list for PBXNativeTarget "demo" */ = {
			isa = XCConfigurationList;
			buildConfigurations = (
				FA0A9E2C2AC1485A005E42D9 /* Debug */,
				FA0A9E2D2AC1485A005E42D9 /* Release */,
			);
			defaultConfigurationIsVisible = 0;
			defaultConfigurationName = Release;
		};
		FA0A9E2E2AC1485A005E42D9 /* Build configuration list for PBXNativeTarget "demoTests" */ = {
			isa = XCConfigurationList;
			buildConfigurations = (
				FA0A9E2F2AC1485A005E42D9 /* Debug */,
				FA0A9E302AC1485A005E42D9 /* Release */,
			);
			defaultConfigurationIsVisible = 0;
			defaultConfigurationName = Release;
		};
		FA0A9E312AC1485A005E42D9 /* Build configuration list for PBXNativeTarget "demoUITests" */ = {
			isa = XCConfigurationList;
			buildConfigurations = (
				FA0A9E322AC1485A005E42D9 /* Debug */,
				FA0A9E332AC1485A005E42D9 /* Release */,
			);
			defaultConfigurationIsVisible = 0;
			defaultConfigurationName = Release;
		};
/* End XCConfigurationList section */
	};
	rootObject = FA0A9DF92AC14857005E42D9 /* Project object */;
}
